
Microsoft Visual Studio Solution File, Format Version 12.00
# Visual Studio Version 16
VisualStudioVersion = 16.0.30517.126
MinimumVisualStudioVersion = 10.0.40219.1
Project("{9A19103F-16F7-4668-BE54-9A1E7A4F7556}") = "RpgGenerator.Sandbox", "RpgGenerator.Sandbox\RpgGenerator.Sandbox.csproj", "{6B6A62FE-042F-41E3-87C9-9E9C1AFB07CA}"
EndProject
Project("{9A19103F-16F7-4668-BE54-9A1E7A4F7556}") = "RpgGenerator.Generator", "RpgGenerator.Generator\RpgGenerator.Generator.csproj", "{5AF6D771-8601-4D2A-A202-220262D62BB6}"
EndProject
Project("{9A19103F-16F7-4668-BE54-9A1E7A4F7556}") = "RpgGenerator.Annotations", "RpgGenerator.Basic\RpgGenerator.Annotations.csproj", "{2BBF7DA1-029F-4DF9-9FDC-123203EB5702}"
EndProject
Project("{9A19103F-16F7-4668-BE54-9A1E7A4F7556}") = "RpgGenerator.Test", "RpgGenerator.Test\RpgGenerator.Test.csproj", "{B8524426-FC47-43A4-AAC6-522F728CBE8E}"
EndProject
Project("{FAE04EC0-301F-11D3-BF4B-00C04F79EFBC}") = "RpgGenerator.Vsix", "RpgGenerator.Vsix\RpgGenerator.Vsix.csproj", "{82193301-CA7B-41C0-BCEF-01503E0A15EB}"
EndProject
Global
	GlobalSection(SolutionConfigurationPlatforms) = preSolution
		Debug|Any CPU = Debug|Any CPU
		Release|Any CPU = Release|Any CPU
	EndGlobalSection
	GlobalSection(ProjectConfigurationPlatforms) = postSolution
		{6B6A62FE-042F-41E3-87C9-9E9C1AFB07CA}.Debug|Any CPU.ActiveCfg = Debug|Any CPU
		{6B6A62FE-042F-41E3-87C9-9E9C1AFB07CA}.Debug|Any CPU.Build.0 = Debug|Any CPU
		{6B6A62FE-042F-41E3-87C9-9E9C1AFB07CA}.Release|Any CPU.ActiveCfg = Release|Any CPU
		{6B6A62FE-042F-41E3-87C9-9E9C1AFB07CA}.Release|Any CPU.Build.0 = Release|Any CPU
		{5AF6D771-8601-4D2A-A202-220262D62BB6}.Debug|Any CPU.ActiveCfg = Debug|Any CPU
		{5AF6D771-8601-4D2A-A202-220262D62BB6}.Debug|Any CPU.Build.0 = Debug|Any CPU
		{5AF6D771-8601-4D2A-A202-220262D62BB6}.Release|Any CPU.ActiveCfg = Release|Any CPU
		{5AF6D771-8601-4D2A-A202-220262D62BB6}.Release|Any CPU.Build.0 = Release|Any CPU
		{2BBF7DA1-029F-4DF9-9FDC-123203EB5702}.Debug|Any CPU.ActiveCfg = Debug|Any CPU
		{2BBF7DA1-029F-4DF9-9FDC-123203EB5702}.Debug|Any CPU.Build.0 = Debug|Any CPU
		{2BBF7DA1-029F-4DF9-9FDC-123203EB5702}.Release|Any CPU.ActiveCfg = Release|Any CPU
		{2BBF7DA1-029F-4DF9-9FDC-123203EB5702}.Release|Any CPU.Build.0 = Release|Any CPU
		{B8524426-FC47-43A4-AAC6-522F728CBE8E}.Debug|Any CPU.ActiveCfg = Debug|Any CPU
		{B8524426-FC47-43A4-AAC6-522F728CBE8E}.Debug|Any CPU.Build.0 = Debug|Any CPU
		{B8524426-FC47-43A4-AAC6-522F728CBE8E}.Release|Any CPU.ActiveCfg = Release|Any CPU
		{B8524426-FC47-43A4-AAC6-522F728CBE8E}.Release|Any CPU.Build.0 = Release|Any CPU
		{82193301-CA7B-41C0-BCEF-01503E0A15EB}.Debug|Any CPU.ActiveCfg = Debug|Any CPU
		{82193301-CA7B-41C0-BCEF-01503E0A15EB}.Debug|Any CPU.Build.0 = Debug|Any CPU
		{82193301-CA7B-41C0-BCEF-01503E0A15EB}.Release|Any CPU.ActiveCfg = Release|Any CPU
		{82193301-CA7B-41C0-BCEF-01503E0A15EB}.Release|Any CPU.Build.0 = Release|Any CPU
	EndGlobalSection
	GlobalSection(SolutionProperties) = preSolution
		HideSolutionNode = FALSE
	EndGlobalSection
	GlobalSection(ExtensibilityGlobals) = postSolution
		SolutionGuid = {0ECD1A93-298C-4011-A018-4073F4B75B13}
	EndGlobalSection
EndGlobal
